// !$*UTF8*$!
{
	archiveVersion = 1;
	classes = {
	};
	objectVersion = 55;
	objects = {

/* Begin PBXBuildFile section */
		5C3685172875F7CC006793F5 /* AppDelegate.swift in Sources */ = {isa = PBXBuildFile; fileRef = 5C3685162875F7CC006793F5 /* AppDelegate.swift */; };
		5C3685192875F7CC006793F5 /* SceneDelegate.swift in Sources */ = {isa = PBXBuildFile; fileRef = 5C3685182875F7CC006793F5 /* SceneDelegate.swift */; };
		5C36851B2875F7CC006793F5 /* ViewController.swift in Sources */ = {isa = PBXBuildFile; fileRef = 5C36851A2875F7CC006793F5 /* ViewController.swift */; };
		5C36851E2875F7CC006793F5 /* Main.storyboard in Resources */ = {isa = PBXBuildFile; fileRef = 5C36851C2875F7CC006793F5 /* Main.storyboard */; };
		5C3685202875F7D0006793F5 /* Assets.xcassets in Resources */ = {isa = PBXBuildFile; fileRef = 5C36851F2875F7D0006793F5 /* Assets.xcassets */; };
		5C3685232875F7D0006793F5 /* LaunchScreen.storyboard in Resources */ = {isa = PBXBuildFile; fileRef = 5C3685212875F7D0006793F5 /* LaunchScreen.storyboard */; };
		5C36853E2876EEED006793F5 /* DetailViewController.swift in Sources */ = {isa = PBXBuildFile; fileRef = 5C36853D2876EEED006793F5 /* DetailViewController.swift */; };
		5C3685492876EF81006793F5 /* abstract_8.jpg in Resources */ = {isa = PBXBuildFile; fileRef = 5C3685402876EF81006793F5 /* abstract_8.jpg */; };
		5C36854A2876EF81006793F5 /* abstract_9.jpg in Resources */ = {isa = PBXBuildFile; fileRef = 5C3685412876EF81006793F5 /* abstract_9.jpg */; };
		5C36854B2876EF81006793F5 /* abstract_4.jpg in Resources */ = {isa = PBXBuildFile; fileRef = 5C3685422876EF81006793F5 /* abstract_4.jpg */; };
		5C36854C2876EF81006793F5 /* abstract_5.jpg in Resources */ = {isa = PBXBuildFile; fileRef = 5C3685432876EF81006793F5 /* abstract_5.jpg */; };
		5C36854D2876EF81006793F5 /* abstract_7.jpg in Resources */ = {isa = PBXBuildFile; fileRef = 5C3685442876EF81006793F5 /* abstract_7.jpg */; };
		5C36854E2876EF81006793F5 /* abstract_6.jpg in Resources */ = {isa = PBXBuildFile; fileRef = 5C3685452876EF81006793F5 /* abstract_6.jpg */; };
		5C36854F2876EF81006793F5 /* abstract_2.jpg in Resources */ = {isa = PBXBuildFile; fileRef = 5C3685462876EF81006793F5 /* abstract_2.jpg */; };
		5C3685502876EF81006793F5 /* abstract_3.jpg in Resources */ = {isa = PBXBuildFile; fileRef = 5C3685472876EF81006793F5 /* abstract_3.jpg */; };
		5C3685512876EF81006793F5 /* abstract_1.jpg in Resources */ = {isa = PBXBuildFile; fileRef = 5C3685482876EF81006793F5 /* abstract_1.jpg */; };
/* End PBXBuildFile section */

/* Begin PBXFileReference section */
		5C3685132875F7CC006793F5 /* PhotoViewer.app */ = {isa = PBXFileReference; explicitFileType = wrapper.application; includeInIndex = 0; path = PhotoViewer.app; sourceTree = BUILT_PRODUCTS_DIR; };
		5C3685162875F7CC006793F5 /* AppDelegate.swift */ = {isa = PBXFileReference; lastKnownFileType = sourcecode.swift; path = AppDelegate.swift; sourceTree = "<group>"; };
		5C3685182875F7CC006793F5 /* SceneDelegate.swift */ = {isa = PBXFileReference; lastKnownFileType = sourcecode.swift; path = SceneDelegate.swift; sourceTree = "<group>"; };
		5C36851A2875F7CC006793F5 /* ViewController.swift */ = {isa = PBXFileReference; lastKnownFileType = sourcecode.swift; path = ViewController.swift; sourceTree = "<group>"; };
		5C36851D2875F7CC006793F5 /* Base */ = {isa = PBXFileReference; lastKnownFileType = file.storyboard; name = Base; path = Base.lproj/Main.storyboard; sourceTree = "<group>"; };
		5C36851F2875F7D0006793F5 /* Assets.xcassets */ = {isa = PBXFileReference; lastKnownFileType = folder.assetcatalog; path = Assets.xcassets; sourceTree = "<group>"; };
		5C3685222875F7D0006793F5 /* Base */ = {isa = PBXFileReference; lastKnownFileType = file.storyboard; name = Base; path = Base.lproj/LaunchScreen.storyboard; sourceTree = "<group>"; };
		5C3685242875F7D0006793F5 /* Info.plist */ = {isa = PBXFileReference; lastKnownFileType = text.plist.xml; path = Info.plist; sourceTree = "<group>"; };
		5C36853D2876EEED006793F5 /* DetailViewController.swift */ = {isa = PBXFileReference; lastKnownFileType = sourcecode.swift; path = DetailViewController.swift; sourceTree = "<group>"; };
		5C3685402876EF81006793F5 /* abstract_8.jpg */ = {isa = PBXFileReference; lastKnownFileType = image.jpeg; path = abstract_8.jpg; sourceTree = "<group>"; };
		5C3685412876EF81006793F5 /* abstract_9.jpg */ = {isa = PBXFileReference; lastKnownFileType = image.jpeg; path = abstract_9.jpg; sourceTree = "<group>"; };
		5C3685422876EF81006793F5 /* abstract_4.jpg */ = {isa = PBXFileReference; lastKnownFileType = image.jpeg; path = abstract_4.jpg; sourceTree = "<group>"; };
		5C3685432876EF81006793F5 /* abstract_5.jpg */ = {isa = PBXFileReference; lastKnownFileType = image.jpeg; path = abstract_5.jpg; sourceTree = "<group>"; };
		5C3685442876EF81006793F5 /* abstract_7.jpg */ = {isa = PBXFileReference; lastKnownFileType = image.jpeg; path = abstract_7.jpg; sourceTree = "<group>"; };
		5C3685452876EF81006793F5 /* abstract_6.jpg */ = {isa = PBXFileReference; lastKnownFileType = image.jpeg; path = abstract_6.jpg; sourceTree = "<group>"; };
		5C3685462876EF81006793F5 /* abstract_2.jpg */ = {isa = PBXFileReference; lastKnownFileType = image.jpeg; path = abstract_2.jpg; sourceTree = "<group>"; };
		5C3685472876EF81006793F5 /* abstract_3.jpg */ = {isa = PBXFileReference; lastKnownFileType = image.jpeg; path = abstract_3.jpg; sourceTree = "<group>"; };
		5C3685482876EF81006793F5 /* abstract_1.jpg */ = {isa = PBXFileReference; lastKnownFileType = image.jpeg; path = abstract_1.jpg; sourceTree = "<group>"; };
/* End PBXFileReference section */

/* Begin PBXFrameworksBuildPhase section */
		5C3685102875F7CC006793F5 /* Frameworks */ = {
			isa = PBXFrameworksBuildPhase;
			buildActionMask = 2147483647;
			files = (
			);
			runOnlyForDeploymentPostprocessing = 0;
		};
/* End PBXFrameworksBuildPhase section */

/* Begin PBXGroup section */
		5C36850A2875F7CC006793F5 = {
			isa = PBXGroup;
			children = (
				5C3685152875F7CC006793F5 /* PhotoViewer */,
				5C3685142875F7CC006793F5 /* Products */,
			);
			sourceTree = "<group>";
		};
		5C3685142875F7CC006793F5 /* Products */ = {
			isa = PBXGroup;
			children = (
				5C3685132875F7CC006793F5 /* PhotoViewer.app */,
			);
			name = Products;
			sourceTree = "<group>";
		};
		5C3685152875F7CC006793F5 /* PhotoViewer */ = {
			isa = PBXGroup;
			children = (
				5C3685162875F7CC006793F5 /* AppDelegate.swift */,
				5C3685182875F7CC006793F5 /* SceneDelegate.swift */,
				5C36851A2875F7CC006793F5 /* ViewController.swift */,
				5C36853D2876EEED006793F5 /* DetailViewController.swift */,
				5C36851C2875F7CC006793F5 /* Main.storyboard */,
				5C36851F2875F7D0006793F5 /* Assets.xcassets */,
				5C3685212875F7D0006793F5 /* LaunchScreen.storyboard */,
				5C3685242875F7D0006793F5 /* Info.plist */,
				5C36853F2876EF81006793F5 /* Components */,
			);
			path = PhotoViewer;
			sourceTree = "<group>";
		};
		5C36853F2876EF81006793F5 /* Components */ = {
			isa = PBXGroup;
			children = (
				5C3685402876EF81006793F5 /* abstract_8.jpg */,
				5C3685412876EF81006793F5 /* abstract_9.jpg */,
				5C3685422876EF81006793F5 /* abstract_4.jpg */,
				5C3685432876EF81006793F5 /* abstract_5.jpg */,
				5C3685442876EF81006793F5 /* abstract_7.jpg */,
				5C3685452876EF81006793F5 /* abstract_6.jpg */,
				5C3685462876EF81006793F5 /* abstract_2.jpg */,
				5C3685472876EF81006793F5 /* abstract_3.jpg */,
				5C3685482876EF81006793F5 /* abstract_1.jpg */,
			);
			path = Components;
			sourceTree = "<group>";
		};
/* End PBXGroup section */

/* Begin PBXNativeTarget section */
		5C3685122875F7CC006793F5 /* PhotoViewer */ = {
			isa = PBXNativeTarget;
			buildConfigurationList = 5C3685272875F7D0006793F5 /* Build configuration list for PBXNativeTarget "PhotoViewer" */;
			buildPhases = (
				5C36850F2875F7CC006793F5 /* Sources */,
				5C3685102875F7CC006793F5 /* Frameworks */,
				5C3685112875F7CC006793F5 /* Resources */,
			);
			buildRules = (
			);
			dependencies = (
			);
			name = PhotoViewer;
			productName = PhotoViewer;
			productReference = 5C3685132875F7CC006793F5 /* PhotoViewer.app */;
			productType = "com.apple.product-type.application";
		};
/* End PBXNativeTarget section */

/* Begin PBXProject section */
		5C36850B2875F7CC006793F5 /* Project object */ = {
			isa = PBXProject;
			attributes = {
				BuildIndependentTargetsInParallel = 1;
				LastSwiftUpdateCheck = 1340;
				LastUpgradeCheck = 1340;
				TargetAttributes = {
					5C3685122875F7CC006793F5 = {
						CreatedOnToolsVersion = 13.4.1;
					};
				};
			};
			buildConfigurationList = 5C36850E2875F7CC006793F5 /* Build configuration list for PBXProject "PhotoViewer" */;
			compatibilityVersion = "Xcode 13.0";
			developmentRegion = en;
			hasScannedForEncodings = 0;
			knownRegions = (
				en,
				Base,
			);
			mainGroup = 5C36850A2875F7CC006793F5;
			productRefGroup = 5C3685142875F7CC006793F5 /* Products */;
			projectDirPath = "";
			projectRoot = "";
			targets = (
				5C3685122875F7CC006793F5 /* PhotoViewer */,
			);
		};
/* End PBXProject section */

/* Begin PBXResourcesBuildPhase section */
		5C3685112875F7CC006793F5 /* Resources */ = {
			isa = PBXResourcesBuildPhase;
			buildActionMask = 2147483647;
			files = (
				5C3685492876EF81006793F5 /* abstract_8.jpg in Resources */,
				5C36854C2876EF81006793F5 /* abstract_5.jpg in Resources */,
				5C36854F2876EF81006793F5 /* abstract_2.jpg in Resources */,
				5C3685502876EF81006793F5 /* abstract_3.jpg in Resources */,
				5C3685232875F7D0006793F5 /* LaunchScreen.storyboard in Resources */,
				5C3685512876EF81006793F5 /* abstract_1.jpg in Resources */,
				5C36854E2876EF81006793F5 /* abstract_6.jpg in Resources */,
				5C36854B2876EF81006793F5 /* abstract_4.jpg in Resources */,
				5C36854A2876EF81006793F5 /* abstract_9.jpg in Resources */,
				5C3685202875F7D0006793F5 /* Assets.xcassets in Resources */,
				5C36851E2875F7CC006793F5 /* Main.storyboard in Resources */,
				5C36854D2876EF81006793F5 /* abstract_7.jpg in Resources */,
			);
			runOnlyForDeploymentPostprocessing = 0;
		};
/* End PBXResourcesBuildPhase section */

/* Begin PBXSourcesBuildPhase section */
		5C36850F2875F7CC006793F5 /* Sources */ = {
			isa = PBXSourcesBuildPhase;
			buildActionMask = 2147483647;
			files = (
				5C36851B2875F7CC006793F5 /* ViewController.swift in Sources */,
				5C3685172875F7CC006793F5 /* AppDelegate.swift in Sources */,
				5C3685192875F7CC006793F5 /* SceneDelegate.swift in Sources */,
				5C36853E2876EEED006793F5 /* DetailViewController.swift in Sources */,
			);
			runOnlyForDeploymentPostprocessing = 0;
		};
/* End PBXSourcesBuildPhase section */

/* Begin PBXVariantGroup section */
		5C36851C2875F7CC006793F5 /* Main.storyboard */ = {
			isa = PBXVariantGroup;
			children = (
				5C36851D2875F7CC006793F5 /* Base */,
			);
			name = Main.storyboard;
			sourceTree = "<group>";
		};
		5C3685212875F7D0006793F5 /* LaunchScreen.storyboard */ = {
			isa = PBXVariantGroup;
			children = (
				5C3685222875F7D0006793F5 /* Base */,
			);
			name = LaunchScreen.storyboard;
			sourceTree = "<group>";
		};
/* End PBXVariantGroup section */

/* Begin XCBuildConfiguration section */
		5C3685252875F7D0006793F5 /* Debug */ = {
			isa = XCBuildConfiguration;
			buildSettings = {
				ALWAYS_SEARCH_USER_PATHS = NO;
				CLANG_ANALYZER_NONNULL = YES;
				CLANG_ANALYZER_NUMBER_OBJECT_CONVERSION = YES_AGGRESSIVE;
				CLANG_CXX_LANGUAGE_STANDARD = "gnu++17";
				CLANG_ENABLE_MODULES = YES;
				CLANG_ENABLE_OBJC_ARC = YES;
				CLANG_ENABLE_OBJC_WEAK = YES;
				CLANG_WARN_BLOCK_CAPTURE_AUTORELEASING = YES;
				CLANG_WARN_BOOL_CONVERSION = YES;
				CLANG_WARN_COMMA = YES;
				CLANG_WARN_CONSTANT_CONVERSION = YES;
				CLANG_WARN_DEPRECATED_OBJC_IMPLEMENTATIONS = YES;
				CLANG_WARN_DIRECT_OBJC_ISA_USAGE = YES_ERROR;
				CLANG_WARN_DOCUMENTATION_COMMENTS = YES;
				CLANG_WARN_EMPTY_BODY = YES;
				CLANG_WARN_ENUM_CONVERSION = YES;
				CLANG_WARN_INFINITE_RECURSION = YES;
				CLANG_WARN_INT_CONVERSION = YES;
				CLANG_WARN_NON_LITERAL_NULL_CONVERSION = YES;
				CLANG_WARN_OBJC_IMPLICIT_RETAIN_SELF = YES;
				CLANG_WARN_OBJC_LITERAL_CONVERSION = YES;
				CLANG_WARN_OBJC_ROOT_CLASS = YES_ERROR;
				CLANG_WARN_QUOTED_INCLUDE_IN_FRAMEWORK_HEADER = YES;
				CLANG_WARN_RANGE_LOOP_ANALYSIS = YES;
				CLANG_WARN_STRICT_PROTOTYPES = YES;
				CLANG_WARN_SUSPICIOUS_MOVE = YES;
				CLANG_WARN_UNGUARDED_AVAILABILITY = YES_AGGRESSIVE;
				CLANG_WARN_UNREACHABLE_CODE = YES;
				CLANG_WARN__DUPLICATE_METHOD_MATCH = YES;
				COPY_PHASE_STRIP = NO;
				DEBUG_INFORMATION_FORMAT = dwarf;
				ENABLE_STRICT_OBJC_MSGSEND = YES;
				ENABLE_TESTABILITY = YES;
				GCC_C_LANGUAGE_STANDARD = gnu11;
				GCC_DYNAMIC_NO_PIC = NO;
				GCC_NO_COMMON_BLOCKS = YES;
				GCC_OPTIMIZATION_LEVEL = 0;
				GCC_PREPROCESSOR_DEFINITIONS = (
					"DEBUG=1",
					"$(inherited)",
				);
				GCC_WARN_64_TO_32_BIT_CONVERSION = YES;
				GCC_WARN_ABOUT_RETURN_TYPE = YES_ERROR;
				GCC_WARN_UNDECLARED_SELECTOR = YES;
				GCC_WARN_UNINITIALIZED_AUTOS = YES_AGGRESSIVE;
				GCC_WARN_UNUSED_FUNCTION = YES;
				GCC_WARN_UNUSED_VARIABLE = YES;
				IPHONEOS_DEPLOYMENT_TARGET = 15.5;
				MTL_ENABLE_DEBUG_INFO = INCLUDE_SOURCE;
				MTL_FAST_MATH = YES;
				ONLY_ACTIVE_ARCH = YES;
				SDKROOT = iphoneos;
				SWIFT_ACTIVE_COMPILATION_CONDITIONS = DEBUG;
				SWIFT_OPTIMIZATION_LEVEL = "-Onone";
			};
			name = Debug;
		};
		5C3685262875F7D0006793F5 /* Release */ = {
			isa = XCBuildConfiguration;
			buildSettings = {
				ALWAYS_SEARCH_USER_PATHS = NO;
				CLANG_ANALYZER_NONNULL = YES;
				CLANG_ANALYZER_NUMBER_OBJECT_CONVERSION = YES_AGGRESSIVE;
				CLANG_CXX_LANGUAGE_STANDARD = "gnu++17";
				CLANG_ENABLE_MODULES = YES;
				CLANG_ENABLE_OBJC_ARC = YES;
				CLANG_ENABLE_OBJC_WEAK = YES;
				CLANG_WARN_BLOCK_CAPTURE_AUTORELEASING = YES;
				CLANG_WARN_BOOL_CONVERSION = YES;
				CLANG_WARN_COMMA = YES;
				CLANG_WARN_CONSTANT_CONVERSION = YES;
				CLANG_WARN_DEPRECATED_OBJC_IMPLEMENTATIONS = YES;
				CLANG_WARN_DIRECT_OBJC_ISA_USAGE = YES_ERROR;
				CLANG_WARN_DOCUMENTATION_COMMENTS = YES;
				CLANG_WARN_EMPTY_BODY = YES;
				CLANG_WARN_ENUM_CONVERSION = YES;
				CLANG_WARN_INFINITE_RECURSION = YES;
				CLANG_WARN_INT_CONVERSION = YES;
				CLANG_WARN_NON_LITERAL_NULL_CONVERSION = YES;
				CLANG_WARN_OBJC_IMPLICIT_RETAIN_SELF = YES;
				CLANG_WARN_OBJC_LITERAL_CONVERSION = YES;
				CLANG_WARN_OBJC_ROOT_CLASS = YES_ERROR;
				CLANG_WARN_QUOTED_INCLUDE_IN_FRAMEWORK_HEADER = YES;
				CLANG_WARN_RANGE_LOOP_ANALYSIS = YES;
				CLANG_WARN_STRICT_PROTOTYPES = YES;
				CLANG_WARN_SUSPICIOUS_MOVE = YES;
				CLANG_WARN_UNGUARDED_AVAILABILITY = YES_AGGRESSIVE;
				CLANG_WARN_UNREACHABLE_CODE = YES;
				CLANG_WARN__DUPLICATE_METHOD_MATCH = YES;
				COPY_PHASE_STRIP = NO;
				DEBUG_INFORMATION_FORMAT = "dwarf-with-dsym";
				ENABLE_NS_ASSERTIONS = NO;
				ENABLE_STRICT_OBJC_MSGSEND = YES;
				GCC_C_LANGUAGE_STANDARD = gnu11;
				GCC_NO_COMMON_BLOCKS = YES;
				GCC_WARN_64_TO_32_BIT_CONVERSION = YES;
				GCC_WARN_ABOUT_RETURN_TYPE = YES_ERROR;
				GCC_WARN_UNDECLARED_SELECTOR = YES;
				GCC_WARN_UNINITIALIZED_AUTOS = YES_AGGRESSIVE;
				GCC_WARN_UNUSED_FUNCTION = YES;
				GCC_WARN_UNUSED_VARIABLE = YES;
				IPHONEOS_DEPLOYMENT_TARGET = 15.5;
				MTL_ENABLE_DEBUG_INFO = NO;
				MTL_FAST_MATH = YES;
				SDKROOT = iphoneos;
				SWIFT_COMPILATION_MODE = wholemodule;
				SWIFT_OPTIMIZATION_LEVEL = "-O";
				VALIDATE_PRODUCT = YES;
			};
			name = Release;
		};
		5C3685282875F7D0006793F5 /* Debug */ = {
			isa = XCBuildConfiguration;
			buildSettings = {
				ASSETCATALOG_COMPILER_APPICON_NAME = AppIcon;
				ASSETCATALOG_COMPILER_GLOBAL_ACCENT_COLOR_NAME = AccentColor;
				CODE_SIGN_STYLE = Automatic;
				CURRENT_PROJECT_VERSION = 1;
				DEVELOPMENT_TEAM = 5H89K7C3MW;
				GENERATE_INFOPLIST_FILE = YES;
				INFOPLIST_FILE = PhotoViewer/Info.plist;
				INFOPLIST_KEY_UIApplicationSupportsIndirectInputEvents = YES;
				INFOPLIST_KEY_UILaunchStoryboardName = LaunchScreen;
				INFOPLIST_KEY_UIMainStoryboardFile = Main;
				INFOPLIST_KEY_UISupportedInterfaceOrientations_iPad = "UIInterfaceOrientationPortrait UIInterfaceOrientationPortraitUpsideDown UIInterfaceOrientationLandscapeLeft UIInterfaceOrientationLandscapeRight";
				INFOPLIST_KEY_UISupportedInterfaceOrientations_iPhone = "UIInterfaceOrientationPortrait UIInterfaceOrientationLandscapeLeft UIInterfaceOrientationLandscapeRight";
				LD_RUNPATH_SEARCH_PATHS = (
					"$(inherited)",
					"@executable_path/Frameworks",
				);
				MARKETING_VERSION = 1.0;
				PRODUCT_BUNDLE_IDENTIFIER = com.lukaszcettler.PhotoViewer;
				PRODUCT_NAME = "$(TARGET_NAME)";
				SWIFT_EMIT_LOC_STRINGS = YES;
				SWIFT_VERSION = 5.0;
				TARGETED_DEVICE_FAMILY = "1,2";
			};
			name = Debug;
		};
		5C3685292875F7D0006793F5 /* Release */ = {
			isa = XCBuildConfiguration;
			buildSettings = {
				ASSETCATALOG_COMPILER_APPICON_NAME = AppIcon;
				ASSETCATALOG_COMPILER_GLOBAL_ACCENT_COLOR_NAME = AccentColor;
				CODE_SIGN_STYLE = Automatic;
				CURRENT_PROJECT_VERSION = 1;
				DEVELOPMENT_TEAM = 5H89K7C3MW;
				GENERATE_INFOPLIST_FILE = YES;
				INFOPLIST_FILE = PhotoViewer/Info.plist;
				INFOPLIST_KEY_UIApplicationSupportsIndirectInputEvents = YES;
				INFOPLIST_KEY_UILaunchStoryboardName = LaunchScreen;
				INFOPLIST_KEY_UIMainStoryboardFile = Main;
				INFOPLIST_KEY_UISupportedInterfaceOrientations_iPad = "UIInterfaceOrientationPortrait UIInterfaceOrientationPortraitUpsideDown UIInterfaceOrientationLandscapeLeft UIInterfaceOrientationLandscapeRight";
				INFOPLIST_KEY_UISupportedInterfaceOrientations_iPhone = "UIInterfaceOrientationPortrait UIInterfaceOrientationLandscapeLeft UIInterfaceOrientationLandscapeRight";
				LD_RUNPATH_SEARCH_PATHS = (
					"$(inherited)",
					"@executable_path/Frameworks",
				);
				MARKETING_VERSION = 1.0;
				PRODUCT_BUNDLE_IDENTIFIER = com.lukaszcettler.PhotoViewer;
				PRODUCT_NAME = "$(TARGET_NAME)";
				SWIFT_EMIT_LOC_STRINGS = YES;
				SWIFT_VERSION = 5.0;
				TARGETED_DEVICE_FAMILY = "1,2";
			};
			name = Release;
		};
/* End XCBuildConfiguration section */

/* Begin XCConfigurationList section */
		5C36850E2875F7CC006793F5 /* Build configuration list for PBXProject "PhotoViewer" */ = {
			isa = XCConfigurationList;
			buildConfigurations = (
				5C3685252875F7D0006793F5 /* Debug */,
				5C3685262875F7D0006793F5 /* Release */,
			);
			defaultConfigurationIsVisible = 0;
			defaultConfigurationName = Release;
		};
		5C3685272875F7D0006793F5 /* Build configuration list for PBXNativeTarget "PhotoViewer" */ = {
			isa = XCConfigurationList;
			buildConfigurations = (
				5C3685282875F7D0006793F5 /* Debug */,
				5C3685292875F7D0006793F5 /* Release */,
			);
			defaultConfigurationIsVisible = 0;
			defaultConfigurationName = Release;
		};
/* End XCConfigurationList section */
	};
	rootObject = 5C36850B2875F7CC006793F5 /* Project object */;
}
